// !$*UTF8*$!
{
	archiveVersion = 1;
	classes = {
	};
	objectVersion = 56;
	objects = {

/* Begin PBXBuildFile section */
		969669022C9DDD4F0052ED9A /* ViewController.swift in Sources */ = {isa = PBXBuildFile; fileRef = 969669012C9DDD4F0052ED9A /* ViewController.swift */; };
		969669062C9DDDA30052ED9A /* URL.swift in Sources */ = {isa = PBXBuildFile; fileRef = 969669052C9DDDA30052ED9A /* URL.swift */; };
		969669082C9DDDD90052ED9A /* UserResponseService.swift in Sources */ = {isa = PBXBuildFile; fileRef = 969669072C9DDDD90052ED9A /* UserResponseService.swift */; };
		9696690A2C9DDEA40052ED9A /* UserViewModel.swift in Sources */ = {isa = PBXBuildFile; fileRef = 969669092C9DDEA40052ED9A /* UserViewModel.swift */; };
		96FEE6DB2C9DDBB600A43B0C /* AppDelegate.swift in Sources */ = {isa = PBXBuildFile; fileRef = 96FEE6DA2C9DDBB600A43B0C /* AppDelegate.swift */; };
		96FEE6DD2C9DDBB600A43B0C /* SceneDelegate.swift in Sources */ = {isa = PBXBuildFile; fileRef = 96FEE6DC2C9DDBB600A43B0C /* SceneDelegate.swift */; };
		96FEE6E22C9DDBB600A43B0C /* Base in Resources */ = {isa = PBXBuildFile; fileRef = 96FEE6E12C9DDBB600A43B0C /* Base */; };
		96FEE6E42C9DDBB900A43B0C /* Assets.xcassets in Resources */ = {isa = PBXBuildFile; fileRef = 96FEE6E32C9DDBB900A43B0C /* Assets.xcassets */; };
		96FEE6E72C9DDBB900A43B0C /* Base in Resources */ = {isa = PBXBuildFile; fileRef = 96FEE6E62C9DDBB900A43B0C /* Base */; };
		96FEE6F22C9DDC6500A43B0C /* UserResponse.swift in Sources */ = {isa = PBXBuildFile; fileRef = 96FEE6F12C9DDC6500A43B0C /* UserResponse.swift */; };
/* End PBXBuildFile section */

/* Begin PBXFileReference section */
		969669012C9DDD4F0052ED9A /* ViewController.swift */ = {isa = PBXFileReference; lastKnownFileType = sourcecode.swift; path = ViewController.swift; sourceTree = "<group>"; };
		969669052C9DDDA30052ED9A /* URL.swift */ = {isa = PBXFileReference; lastKnownFileType = sourcecode.swift; path = URL.swift; sourceTree = "<group>"; };
		969669072C9DDDD90052ED9A /* UserResponseService.swift */ = {isa = PBXFileReference; lastKnownFileType = sourcecode.swift; path = UserResponseService.swift; sourceTree = "<group>"; };
		969669092C9DDEA40052ED9A /* UserViewModel.swift */ = {isa = PBXFileReference; lastKnownFileType = sourcecode.swift; path = UserViewModel.swift; sourceTree = "<group>"; };
		96FEE6D72C9DDBB600A43B0C /* MVVM.app */ = {isa = PBXFileReference; explicitFileType = wrapper.application; includeInIndex = 0; path = MVVM.app; sourceTree = BUILT_PRODUCTS_DIR; };
		96FEE6DA2C9DDBB600A43B0C /* AppDelegate.swift */ = {isa = PBXFileReference; lastKnownFileType = sourcecode.swift; path = AppDelegate.swift; sourceTree = "<group>"; };
		96FEE6DC2C9DDBB600A43B0C /* SceneDelegate.swift */ = {isa = PBXFileReference; lastKnownFileType = sourcecode.swift; path = SceneDelegate.swift; sourceTree = "<group>"; };
		96FEE6E12C9DDBB600A43B0C /* Base */ = {isa = PBXFileReference; lastKnownFileType = file.storyboard; name = Base; path = Base.lproj/Main.storyboard; sourceTree = "<group>"; };
		96FEE6E32C9DDBB900A43B0C /* Assets.xcassets */ = {isa = PBXFileReference; lastKnownFileType = folder.assetcatalog; path = Assets.xcassets; sourceTree = "<group>"; };
		96FEE6E62C9DDBB900A43B0C /* Base */ = {isa = PBXFileReference; lastKnownFileType = file.storyboard; name = Base; path = Base.lproj/LaunchScreen.storyboard; sourceTree = "<group>"; };
		96FEE6E82C9DDBB900A43B0C /* Info.plist */ = {isa = PBXFileReference; lastKnownFileType = text.plist.xml; path = Info.plist; sourceTree = "<group>"; };
		96FEE6F12C9DDC6500A43B0C /* UserResponse.swift */ = {isa = PBXFileReference; lastKnownFileType = sourcecode.swift; path = UserResponse.swift; sourceTree = "<group>"; };
/* End PBXFileReference section */

/* Begin PBXFrameworksBuildPhase section */
		96FEE6D42C9DDBB600A43B0C /* Frameworks */ = {
			isa = PBXFrameworksBuildPhase;
			buildActionMask = 2147483647;
			files = (
			);
			runOnlyForDeploymentPostprocessing = 0;
		};
/* End PBXFrameworksBuildPhase section */

/* Begin PBXGroup section */
		969669032C9DDD760052ED9A /* Services */ = {
			isa = PBXGroup;
			children = (
				969669072C9DDDD90052ED9A /* UserResponseService.swift */,
			);
			path = Services;
			sourceTree = "<group>";
		};
		969669042C9DDD880052ED9A /* Networking */ = {
			isa = PBXGroup;
			children = (
				969669052C9DDDA30052ED9A /* URL.swift */,
			);
			path = Networking;
			sourceTree = "<group>";
		};
		96FEE6CE2C9DDBB600A43B0C = {
			isa = PBXGroup;
			children = (
				96FEE6D92C9DDBB600A43B0C /* MVVM */,
				96FEE6D82C9DDBB600A43B0C /* Products */,
			);
			sourceTree = "<group>";
		};
		96FEE6D82C9DDBB600A43B0C /* Products */ = {
			isa = PBXGroup;
			children = (
				96FEE6D72C9DDBB600A43B0C /* MVVM.app */,
			);
			name = Products;
			sourceTree = "<group>";
		};
		96FEE6D92C9DDBB600A43B0C /* MVVM */ = {
			isa = PBXGroup;
			children = (
				96FEE6F02C9DDBD200A43B0C /* Model */,
				96FEE6EF2C9DDBCC00A43B0C /* View */,
				96FEE6EE2C9DDBC200A43B0C /* ViewModel */,
				969669032C9DDD760052ED9A /* Services */,
				969669042C9DDD880052ED9A /* Networking */,
				96FEE6DA2C9DDBB600A43B0C /* AppDelegate.swift */,
				96FEE6DC2C9DDBB600A43B0C /* SceneDelegate.swift */,
				96FEE6E02C9DDBB600A43B0C /* Main.storyboard */,
				96FEE6E32C9DDBB900A43B0C /* Assets.xcassets */,
				96FEE6E52C9DDBB900A43B0C /* LaunchScreen.storyboard */,
				96FEE6E82C9DDBB900A43B0C /* Info.plist */,
			);
			path = MVVM;
			sourceTree = "<group>";
		};
		96FEE6EE2C9DDBC200A43B0C /* ViewModel */ = {
			isa = PBXGroup;
			children = (
				969669092C9DDEA40052ED9A /* UserViewModel.swift */,
			);
			path = ViewModel;
			sourceTree = "<group>";
		};
		96FEE6EF2C9DDBCC00A43B0C /* View */ = {
			isa = PBXGroup;
			children = (
				969669012C9DDD4F0052ED9A /* ViewController.swift */,
			);
			path = View;
			sourceTree = "<group>";
		};
		96FEE6F02C9DDBD200A43B0C /* Model */ = {
			isa = PBXGroup;
			children = (
				96FEE6F12C9DDC6500A43B0C /* UserResponse.swift */,
			);
			path = Model;
			sourceTree = "<group>";
		};
/* End PBXGroup section */

/* Begin PBXNativeTarget section */
		96FEE6D62C9DDBB600A43B0C /* MVVM */ = {
			isa = PBXNativeTarget;
			buildConfigurationList = 96FEE6EB2C9DDBB900A43B0C /* Build configuration list for PBXNativeTarget "MVVM" */;
			buildPhases = (
				96FEE6D32C9DDBB600A43B0C /* Sources */,
				96FEE6D42C9DDBB600A43B0C /* Frameworks */,
				96FEE6D52C9DDBB600A43B0C /* Resources */,
			);
			buildRules = (
			);
			dependencies = (
			);
			name = MVVM;
			productName = MVVM;
			productReference = 96FEE6D72C9DDBB600A43B0C /* MVVM.app */;
			productType = "com.apple.product-type.application";
		};
/* End PBXNativeTarget section */

/* Begin PBXProject section */
		96FEE6CF2C9DDBB600A43B0C /* Project object */ = {
			isa = PBXProject;
			attributes = {
				BuildIndependentTargetsInParallel = 1;
				LastSwiftUpdateCheck = 1540;
				LastUpgradeCheck = 1540;
				TargetAttributes = {
					96FEE6D62C9DDBB600A43B0C = {
						CreatedOnToolsVersion = 15.4;
					};
				};
			};
			buildConfigurationList = 96FEE6D22C9DDBB600A43B0C /* Build configuration list for PBXProject "MVVM" */;
			compatibilityVersion = "Xcode 14.0";
			developmentRegion = en;
			hasScannedForEncodings = 0;
			knownRegions = (
				en,
				Base,
			);
			mainGroup = 96FEE6CE2C9DDBB600A43B0C;
			productRefGroup = 96FEE6D82C9DDBB600A43B0C /* Products */;
			projectDirPath = "";
			projectRoot = "";
			targets = (
				96FEE6D62C9DDBB600A43B0C /* MVVM */,
			);
		};
/* End PBXProject section */

/* Begin PBXResourcesBuildPhase section */
		96FEE6D52C9DDBB600A43B0C /* Resources */ = {
			isa = PBXResourcesBuildPhase;
			buildActionMask = 2147483647;
			files = (
				96FEE6E42C9DDBB900A43B0C /* Assets.xcassets in Resources */,
				96FEE6E72C9DDBB900A43B0C /* Base in Resources */,
				96FEE6E22C9DDBB600A43B0C /* Base in Resources */,
			);
			runOnlyForDeploymentPostprocessing = 0;
		};
/* End PBXResourcesBuildPhase section */

/* Begin PBXSourcesBuildPhase section */
		96FEE6D32C9DDBB600A43B0C /* Sources */ = {
			isa = PBXSourcesBuildPhase;
			buildActionMask = 2147483647;
			files = (
				969669062C9DDDA30052ED9A /* URL.swift in Sources */,
				96FEE6DB2C9DDBB600A43B0C /* AppDelegate.swift in Sources */,
				96FEE6DD2C9DDBB600A43B0C /* SceneDelegate.swift in Sources */,
				969669022C9DDD4F0052ED9A /* ViewController.swift in Sources */,
				96FEE6F22C9DDC6500A43B0C /* UserResponse.swift in Sources */,
				9696690A2C9DDEA40052ED9A /* UserViewModel.swift in Sources */,
				969669082C9DDDD90052ED9A /* UserResponseService.swift in Sources */,
			);
			runOnlyForDeploymentPostprocessing = 0;
		};
/* End PBXSourcesBuildPhase section */

/* Begin PBXVariantGroup section */
		96FEE6E02C9DDBB600A43B0C /* Main.storyboard */ = {
			isa = PBXVariantGroup;
			children = (
				96FEE6E12C9DDBB600A43B0C /* Base */,
			);
			name = Main.storyboard;
			sourceTree = "<group>";
		};
		96FEE6E52C9DDBB900A43B0C /* LaunchScreen.storyboard */ = {
			isa = PBXVariantGroup;
			children = (
				96FEE6E62C9DDBB900A43B0C /* Base */,
			);
			name = LaunchScreen.storyboard;
			sourceTree = "<group>";
		};
/* End PBXVariantGroup section */

/* Begin XCBuildConfiguration section */
		96FEE6E92C9DDBB900A43B0C /* Debug */ = {
			isa = XCBuildConfiguration;
			buildSettings = {
				ALWAYS_SEARCH_USER_PATHS = NO;
				ASSETCATALOG_COMPILER_GENERATE_SWIFT_ASSET_SYMBOL_EXTENSIONS = YES;
				CLANG_ANALYZER_NONNULL = YES;
				CLANG_ANALYZER_NUMBER_OBJECT_CONVERSION = YES_AGGRESSIVE;
				CLANG_CXX_LANGUAGE_STANDARD = "gnu++20";
				CLANG_ENABLE_MODULES = YES;
				CLANG_ENABLE_OBJC_ARC = YES;
				CLANG_ENABLE_OBJC_WEAK = YES;
				CLANG_WARN_BLOCK_CAPTURE_AUTORELEASING = YES;
				CLANG_WARN_BOOL_CONVERSION = YES;
				CLANG_WARN_COMMA = YES;
				CLANG_WARN_CONSTANT_CONVERSION = YES;
				CLANG_WARN_DEPRECATED_OBJC_IMPLEMENTATIONS = YES;
				CLANG_WARN_DIRECT_OBJC_ISA_USAGE = YES_ERROR;
				CLANG_WARN_DOCUMENTATION_COMMENTS = YES;
				CLANG_WARN_EMPTY_BODY = YES;
				CLANG_WARN_ENUM_CONVERSION = YES;
				CLANG_WARN_INFINITE_RECURSION = YES;
				CLANG_WARN_INT_CONVERSION = YES;
				CLANG_WARN_NON_LITERAL_NULL_CONVERSION = YES;
				CLANG_WARN_OBJC_IMPLICIT_RETAIN_SELF = YES;
				CLANG_WARN_OBJC_LITERAL_CONVERSION = YES;
				CLANG_WARN_OBJC_ROOT_CLASS = YES_ERROR;
				CLANG_WARN_QUOTED_INCLUDE_IN_FRAMEWORK_HEADER = YES;
				CLANG_WARN_RANGE_LOOP_ANALYSIS = YES;
				CLANG_WARN_STRICT_PROTOTYPES = YES;
				CLANG_WARN_SUSPICIOUS_MOVE = YES;
				CLANG_WARN_UNGUARDED_AVAILABILITY = YES_AGGRESSIVE;
				CLANG_WARN_UNREACHABLE_CODE = YES;
				CLANG_WARN__DUPLICATE_METHOD_MATCH = YES;
				COPY_PHASE_STRIP = NO;
				DEBUG_INFORMATION_FORMAT = dwarf;
				ENABLE_STRICT_OBJC_MSGSEND = YES;
				ENABLE_TESTABILITY = YES;
				ENABLE_USER_SCRIPT_SANDBOXING = YES;
				GCC_C_LANGUAGE_STANDARD = gnu17;
				GCC_DYNAMIC_NO_PIC = NO;
				GCC_NO_COMMON_BLOCKS = YES;
				GCC_OPTIMIZATION_LEVEL = 0;
				GCC_PREPROCESSOR_DEFINITIONS = (
					"DEBUG=1",
					"$(inherited)",
				);
				GCC_WARN_64_TO_32_BIT_CONVERSION = YES;
				GCC_WARN_ABOUT_RETURN_TYPE = YES_ERROR;
				GCC_WARN_UNDECLARED_SELECTOR = YES;
				GCC_WARN_UNINITIALIZED_AUTOS = YES_AGGRESSIVE;
				GCC_WARN_UNUSED_FUNCTION = YES;
				GCC_WARN_UNUSED_VARIABLE = YES;
				IPHONEOS_DEPLOYMENT_TARGET = 17.5;
				LOCALIZATION_PREFERS_STRING_CATALOGS = YES;
				MTL_ENABLE_DEBUG_INFO = INCLUDE_SOURCE;
				MTL_FAST_MATH = YES;
				ONLY_ACTIVE_ARCH = YES;
				SDKROOT = iphoneos;
				SWIFT_ACTIVE_COMPILATION_CONDITIONS = "DEBUG $(inherited)";
				SWIFT_OPTIMIZATION_LEVEL = "-Onone";
			};
			name = Debug;
		};
		96FEE6EA2C9DDBB900A43B0C /* Release */ = {
			isa = XCBuildConfiguration;
			buildSettings = {
				ALWAYS_SEARCH_USER_PATHS = NO;
				ASSETCATALOG_COMPILER_GENERATE_SWIFT_ASSET_SYMBOL_EXTENSIONS = YES;
				CLANG_ANALYZER_NONNULL = YES;
				CLANG_ANALYZER_NUMBER_OBJECT_CONVERSION = YES_AGGRESSIVE;
				CLANG_CXX_LANGUAGE_STANDARD = "gnu++20";
				CLANG_ENABLE_MODULES = YES;
				CLANG_ENABLE_OBJC_ARC = YES;
				CLANG_ENABLE_OBJC_WEAK = YES;
				CLANG_WARN_BLOCK_CAPTURE_AUTORELEASING = YES;
				CLANG_WARN_BOOL_CONVERSION = YES;
				CLANG_WARN_COMMA = YES;
				CLANG_WARN_CONSTANT_CONVERSION = YES;
				CLANG_WARN_DEPRECATED_OBJC_IMPLEMENTATIONS = YES;
				CLANG_WARN_DIRECT_OBJC_ISA_USAGE = YES_ERROR;
				CLANG_WARN_DOCUMENTATION_COMMENTS = YES;
				CLANG_WARN_EMPTY_BODY = YES;
				CLANG_WARN_ENUM_CONVERSION = YES;
				CLANG_WARN_INFINITE_RECURSION = YES;
				CLANG_WARN_INT_CONVERSION = YES;
				CLANG_WARN_NON_LITERAL_NULL_CONVERSION = YES;
				CLANG_WARN_OBJC_IMPLICIT_RETAIN_SELF = YES;
				CLANG_WARN_OBJC_LITERAL_CONVERSION = YES;
				CLANG_WARN_OBJC_ROOT_CLASS = YES_ERROR;
				CLANG_WARN_QUOTED_INCLUDE_IN_FRAMEWORK_HEADER = YES;
				CLANG_WARN_RANGE_LOOP_ANALYSIS = YES;
				CLANG_WARN_STRICT_PROTOTYPES = YES;
				CLANG_WARN_SUSPICIOUS_MOVE = YES;
				CLANG_WARN_UNGUARDED_AVAILABILITY = YES_AGGRESSIVE;
				CLANG_WARN_UNREACHABLE_CODE = YES;
				CLANG_WARN__DUPLICATE_METHOD_MATCH = YES;
				COPY_PHASE_STRIP = NO;
				DEBUG_INFORMATION_FORMAT = "dwarf-with-dsym";
				ENABLE_NS_ASSERTIONS = NO;
				ENABLE_STRICT_OBJC_MSGSEND = YES;
				ENABLE_USER_SCRIPT_SANDBOXING = YES;
				GCC_C_LANGUAGE_STANDARD = gnu17;
				GCC_NO_COMMON_BLOCKS = YES;
				GCC_WARN_64_TO_32_BIT_CONVERSION = YES;
				GCC_WARN_ABOUT_RETURN_TYPE = YES_ERROR;
				GCC_WARN_UNDECLARED_SELECTOR = YES;
				GCC_WARN_UNINITIALIZED_AUTOS = YES_AGGRESSIVE;
				GCC_WARN_UNUSED_FUNCTION = YES;
				GCC_WARN_UNUSED_VARIABLE = YES;
				IPHONEOS_DEPLOYMENT_TARGET = 17.5;
				LOCALIZATION_PREFERS_STRING_CATALOGS = YES;
				MTL_ENABLE_DEBUG_INFO = NO;
				MTL_FAST_MATH = YES;
				SDKROOT = iphoneos;
				SWIFT_COMPILATION_MODE = wholemodule;
				VALIDATE_PRODUCT = YES;
			};
			name = Release;
		};
		96FEE6EC2C9DDBB900A43B0C /* Debug */ = {
			isa = XCBuildConfiguration;
			buildSettings = {
				ASSETCATALOG_COMPILER_APPICON_NAME = AppIcon;
				ASSETCATALOG_COMPILER_GLOBAL_ACCENT_COLOR_NAME = AccentColor;
				CODE_SIGN_STYLE = Automatic;
				CURRENT_PROJECT_VERSION = 1;
				GENERATE_INFOPLIST_FILE = YES;
				INFOPLIST_FILE = MVVM/Info.plist;
				INFOPLIST_KEY_UIApplicationSupportsIndirectInputEvents = YES;
				INFOPLIST_KEY_UILaunchStoryboardName = LaunchScreen;
				INFOPLIST_KEY_UIMainStoryboardFile = Main;
				INFOPLIST_KEY_UISupportedInterfaceOrientations_iPad = "UIInterfaceOrientationPortrait UIInterfaceOrientationPortraitUpsideDown UIInterfaceOrientationLandscapeLeft UIInterfaceOrientationLandscapeRight";
				INFOPLIST_KEY_UISupportedInterfaceOrientations_iPhone = "UIInterfaceOrientationPortrait UIInterfaceOrientationLandscapeLeft UIInterfaceOrientationLandscapeRight";
				LD_RUNPATH_SEARCH_PATHS = (
					"$(inherited)",
					"@executable_path/Frameworks",
				);
				MARKETING_VERSION = 1.0;
				PRODUCT_BUNDLE_IDENTIFIER = com.MVVM;
				PRODUCT_NAME = "$(TARGET_NAME)";
				SWIFT_EMIT_LOC_STRINGS = YES;
				SWIFT_VERSION = 5.0;
				TARGETED_DEVICE_FAMILY = "1,2";
			};
			name = Debug;
		};
		96FEE6ED2C9DDBB900A43B0C /* Release */ = {
			isa = XCBuildConfiguration;
			buildSettings = {
				ASSETCATALOG_COMPILER_APPICON_NAME = AppIcon;
				ASSETCATALOG_COMPILER_GLOBAL_ACCENT_COLOR_NAME = AccentColor;
				CODE_SIGN_STYLE = Automatic;
				CURRENT_PROJECT_VERSION = 1;
				GENERATE_INFOPLIST_FILE = YES;
				INFOPLIST_FILE = MVVM/Info.plist;
				INFOPLIST_KEY_UIApplicationSupportsIndirectInputEvents = YES;
				INFOPLIST_KEY_UILaunchStoryboardName = LaunchScreen;
				INFOPLIST_KEY_UIMainStoryboardFile = Main;
				INFOPLIST_KEY_UISupportedInterfaceOrientations_iPad = "UIInterfaceOrientationPortrait UIInterfaceOrientationPortraitUpsideDown UIInterfaceOrientationLandscapeLeft UIInterfaceOrientationLandscapeRight";
				INFOPLIST_KEY_UISupportedInterfaceOrientations_iPhone = "UIInterfaceOrientationPortrait UIInterfaceOrientationLandscapeLeft UIInterfaceOrientationLandscapeRight";
				LD_RUNPATH_SEARCH_PATHS = (
					"$(inherited)",
					"@executable_path/Frameworks",
				);
				MARKETING_VERSION = 1.0;
				PRODUCT_BUNDLE_IDENTIFIER = com.MVVM;
				PRODUCT_NAME = "$(TARGET_NAME)";
				SWIFT_EMIT_LOC_STRINGS = YES;
				SWIFT_VERSION = 5.0;
				TARGETED_DEVICE_FAMILY = "1,2";
			};
			name = Release;
		};
/* End XCBuildConfiguration section */

/* Begin XCConfigurationList section */
		96FEE6D22C9DDBB600A43B0C /* Build configuration list for PBXProject "MVVM" */ = {
			isa = XCConfigurationList;
			buildConfigurations = (
				96FEE6E92C9DDBB900A43B0C /* Debug */,
				96FEE6EA2C9DDBB900A43B0C /* Release */,
			);
			defaultConfigurationIsVisible = 0;
			defaultConfigurationName = Release;
		};
		96FEE6EB2C9DDBB900A43B0C /* Build configuration list for PBXNativeTarget "MVVM" */ = {
			isa = XCConfigurationList;
			buildConfigurations = (
				96FEE6EC2C9DDBB900A43B0C /* Debug */,
				96FEE6ED2C9DDBB900A43B0C /* Release */,
			);
			defaultConfigurationIsVisible = 0;
			defaultConfigurationName = Release;
		};
/* End XCConfigurationList section */
	};
	rootObject = 96FEE6CF2C9DDBB600A43B0C /* Project object */;
}
